{
<<<<<<< HEAD
  "name": "HS",
  "lockfileVersion": 3,
  "requires": true,
  "packages": {
    "": {
      "dependencies": {
        "pnpm": "^9.9.0"
      }
    },
    "node_modules/pnpm": {
      "version": "9.9.0",
      "resolved": "https://registry.npmjs.org/pnpm/-/pnpm-9.9.0.tgz",
      "integrity": "sha512-YMGKzROL/2ldM5vmrRP36TbupnRWYNTMSndtUkfFQNDt7hpWNpXBg6ZuuRfviPK0/rH8JfMqetytx6rzQ46ZwQ==",
      "license": "MIT",
      "bin": {
        "pnpm": "bin/pnpm.cjs",
        "pnpx": "bin/pnpx.cjs"
      },
      "engines": {
        "node": ">=18.12"
      },
      "funding": {
        "url": "https://opencollective.com/pnpm"
      }
    }
  }
=======
  "name": "hs",
  "lockfileVersion": 3,
  "requires": true,
  "packages": {}
>>>>>>> 8539f78b43a42c904bedc535a0d7335e6cebbc3d
}
